
Microsoft Visual Studio Solution File, Format Version 12.00
# Visual Studio Version 17
VisualStudioVersion = 17.8.34316.72
MinimumVisualStudioVersion = 10.0.40219.1
Project("{FAE04EC0-301F-11D3-BF4B-00C04F79EFBC}") = "Practical5", "Practical5.csproj", "{331CF1C2-CAFD-4FCE-B9E5-9A2403922E98}"
EndProject
Global
	GlobalSection(SolutionConfigurationPlatforms) = preSolution
		Debug|Any CPU = Debug|Any CPU
		Release|Any CPU = Release|Any CPU
	EndGlobalSection
	GlobalSection(ProjectConfigurationPlatforms) = postSolution
		{331CF1C2-CAFD-4FCE-B9E5-9A2403922E98}.Debug|Any CPU.ActiveCfg = Debug|Any CPU
		{331CF1C2-CAFD-4FCE-B9E5-9A2403922E98}.Debug|Any CPU.Build.0 = Debug|Any CPU
		{331CF1C2-CAFD-4FCE-B9E5-9A2403922E98}.Release|Any CPU.ActiveCfg = Release|Any CPU
		{331CF1C2-CAFD-4FCE-B9E5-9A2403922E98}.Release|Any CPU.Build.0 = Release|Any CPU
	EndGlobalSection
	GlobalSection(SolutionProperties) = preSolution
		HideSolutionNode = FALSE
	EndGlobalSection
	GlobalSection(ExtensibilityGlobals) = postSolution
		SolutionGuid = {3B486E6A-6D6A-4ABB-8EEE-38CE574525A5}
	EndGlobalSection
EndGlobal
